
Microsoft Visual Studio Solution File, Format Version 12.00
Project("{FAE04EC0-301F-11D3-BF4B-00C04F79EFBC}") = "Itransition.Game", "Itransition.Game\Itransition.Game.csproj", "{76FDCEF0-8B33-48A0-A96F-D3C9B684DABA}"
EndProject
Global
	GlobalSection(SolutionConfigurationPlatforms) = preSolution
		Debug|Any CPU = Debug|Any CPU
		Release|Any CPU = Release|Any CPU
	EndGlobalSection
	GlobalSection(ProjectConfigurationPlatforms) = postSolution
		{76FDCEF0-8B33-48A0-A96F-D3C9B684DABA}.Debug|Any CPU.ActiveCfg = Debug|Any CPU
		{76FDCEF0-8B33-48A0-A96F-D3C9B684DABA}.Debug|Any CPU.Build.0 = Debug|Any CPU
		{76FDCEF0-8B33-48A0-A96F-D3C9B684DABA}.Release|Any CPU.ActiveCfg = Release|Any CPU
		{76FDCEF0-8B33-48A0-A96F-D3C9B684DABA}.Release|Any CPU.Build.0 = Release|Any CPU
	EndGlobalSection
EndGlobal
